
Microsoft Visual Studio Solution File, Format Version 12.00
# Visual Studio 15
VisualStudioVersion = 15.0.28010.2046
MinimumVisualStudioVersion = 10.0.40219.1
Project("{FAE04EC0-301F-11D3-BF4B-00C04F79EFBC}") = "AlphaBank", "AlphaBank\AlphaBank.csproj", "{0A2C574E-D3D1-4B80-87FF-9663C9F9E00D}"
EndProject
Project("{FAE04EC0-301F-11D3-BF4B-00C04F79EFBC}") = "AlphaBankTest", "AlphaBankTest\AlphaBankTest.csproj", "{97ADD8E5-4E81-4489-A6FA-E301787F136A}"
EndProject
Global
	GlobalSection(SolutionConfigurationPlatforms) = preSolution
		Debug|Any CPU = Debug|Any CPU
		Release|Any CPU = Release|Any CPU
	EndGlobalSection
	GlobalSection(ProjectConfigurationPlatforms) = postSolution
		{0A2C574E-D3D1-4B80-87FF-9663C9F9E00D}.Debug|Any CPU.ActiveCfg = Debug|Any CPU
		{0A2C574E-D3D1-4B80-87FF-9663C9F9E00D}.Debug|Any CPU.Build.0 = Debug|Any CPU
		{0A2C574E-D3D1-4B80-87FF-9663C9F9E00D}.Release|Any CPU.ActiveCfg = Release|Any CPU
		{0A2C574E-D3D1-4B80-87FF-9663C9F9E00D}.Release|Any CPU.Build.0 = Release|Any CPU
		{97ADD8E5-4E81-4489-A6FA-E301787F136A}.Debug|Any CPU.ActiveCfg = Debug|Any CPU
		{97ADD8E5-4E81-4489-A6FA-E301787F136A}.Debug|Any CPU.Build.0 = Debug|Any CPU
		{97ADD8E5-4E81-4489-A6FA-E301787F136A}.Release|Any CPU.ActiveCfg = Release|Any CPU
		{97ADD8E5-4E81-4489-A6FA-E301787F136A}.Release|Any CPU.Build.0 = Release|Any CPU
	EndGlobalSection
	GlobalSection(SolutionProperties) = preSolution
		HideSolutionNode = FALSE
	EndGlobalSection
	GlobalSection(ExtensibilityGlobals) = postSolution
		SolutionGuid = {A6EC8C1A-5CC7-429A-A6B7-CEB25AE1C4F1}
	EndGlobalSection
EndGlobal
